// !$*UTF8*$!
{
	archiveVersion = 1;
	classes = {
	};
	objectVersion = 50;
	objects = {

/* Begin PBXBuildFile section */
		7712AB102278487A006738F7 /* UIViewControllerExt.swift in Sources */ = {isa = PBXBuildFile; fileRef = 7712AB0F2278487A006738F7 /* UIViewControllerExt.swift */; };
		7712AB1222788F60006738F7 /* UIViewExt.swift in Sources */ = {isa = PBXBuildFile; fileRef = 7712AB1122788F60006738F7 /* UIViewExt.swift */; };
		7712AB1422789380006738F7 /* UIButtonExt.swift in Sources */ = {isa = PBXBuildFile; fileRef = 7712AB1322789380006738F7 /* UIButtonExt.swift */; };
		7712AB16227899A2006738F7 /* FinishGoalVC.swift in Sources */ = {isa = PBXBuildFile; fileRef = 7712AB15227899A1006738F7 /* FinishGoalVC.swift */; };
		7782FE4622781CFC00254C38 /* AppDelegate.swift in Sources */ = {isa = PBXBuildFile; fileRef = 7782FE4522781CFC00254C38 /* AppDelegate.swift */; };
		7782FE4822781CFC00254C38 /* GoalsVC.swift in Sources */ = {isa = PBXBuildFile; fileRef = 7782FE4722781CFC00254C38 /* GoalsVC.swift */; };
		7782FE4B22781CFC00254C38 /* Main.storyboard in Resources */ = {isa = PBXBuildFile; fileRef = 7782FE4922781CFC00254C38 /* Main.storyboard */; };
		7782FE4E22781CFC00254C38 /* GoalPost_app.xcdatamodeld in Sources */ = {isa = PBXBuildFile; fileRef = 7782FE4C22781CFC00254C38 /* GoalPost_app.xcdatamodeld */; };
		7782FE5022781CFD00254C38 /* Assets.xcassets in Resources */ = {isa = PBXBuildFile; fileRef = 7782FE4F22781CFD00254C38 /* Assets.xcassets */; };
		7782FE5322781CFD00254C38 /* LaunchScreen.storyboard in Resources */ = {isa = PBXBuildFile; fileRef = 7782FE5122781CFD00254C38 /* LaunchScreen.storyboard */; };
		7782FE5F2278284000254C38 /* GoalCell.swift in Sources */ = {isa = PBXBuildFile; fileRef = 7782FE5E2278284000254C38 /* GoalCell.swift */; };
		7782FE61227836A900254C38 /* GoalType.swift in Sources */ = {isa = PBXBuildFile; fileRef = 7782FE60227836A900254C38 /* GoalType.swift */; };
		7782FE6322783C9D00254C38 /* CreateGoalVC.swift in Sources */ = {isa = PBXBuildFile; fileRef = 7782FE6222783C9D00254C38 /* CreateGoalVC.swift */; };
/* End PBXBuildFile section */

/* Begin PBXFileReference section */
		7712AB0F2278487A006738F7 /* UIViewControllerExt.swift */ = {isa = PBXFileReference; lastKnownFileType = sourcecode.swift; path = UIViewControllerExt.swift; sourceTree = "<group>"; };
		7712AB1122788F60006738F7 /* UIViewExt.swift */ = {isa = PBXFileReference; lastKnownFileType = sourcecode.swift; path = UIViewExt.swift; sourceTree = "<group>"; };
		7712AB1322789380006738F7 /* UIButtonExt.swift */ = {isa = PBXFileReference; lastKnownFileType = sourcecode.swift; path = UIButtonExt.swift; sourceTree = "<group>"; };
		7712AB15227899A1006738F7 /* FinishGoalVC.swift */ = {isa = PBXFileReference; lastKnownFileType = sourcecode.swift; path = FinishGoalVC.swift; sourceTree = "<group>"; };
		7782FE4222781CFC00254C38 /* GoalPost-app.app */ = {isa = PBXFileReference; explicitFileType = wrapper.application; includeInIndex = 0; path = "GoalPost-app.app"; sourceTree = BUILT_PRODUCTS_DIR; };
		7782FE4522781CFC00254C38 /* AppDelegate.swift */ = {isa = PBXFileReference; lastKnownFileType = sourcecode.swift; path = AppDelegate.swift; sourceTree = "<group>"; };
		7782FE4722781CFC00254C38 /* GoalsVC.swift */ = {isa = PBXFileReference; lastKnownFileType = sourcecode.swift; path = GoalsVC.swift; sourceTree = "<group>"; };
		7782FE4A22781CFC00254C38 /* Base */ = {isa = PBXFileReference; lastKnownFileType = file.storyboard; name = Base; path = Base.lproj/Main.storyboard; sourceTree = "<group>"; };
		7782FE4D22781CFC00254C38 /* GoalPost_app.xcdatamodel */ = {isa = PBXFileReference; lastKnownFileType = wrapper.xcdatamodel; path = GoalPost_app.xcdatamodel; sourceTree = "<group>"; };
		7782FE4F22781CFD00254C38 /* Assets.xcassets */ = {isa = PBXFileReference; lastKnownFileType = folder.assetcatalog; path = Assets.xcassets; sourceTree = "<group>"; };
		7782FE5222781CFD00254C38 /* Base */ = {isa = PBXFileReference; lastKnownFileType = file.storyboard; name = Base; path = Base.lproj/LaunchScreen.storyboard; sourceTree = "<group>"; };
		7782FE5422781CFD00254C38 /* Info.plist */ = {isa = PBXFileReference; lastKnownFileType = text.plist.xml; path = Info.plist; sourceTree = "<group>"; };
		7782FE5E2278284000254C38 /* GoalCell.swift */ = {isa = PBXFileReference; lastKnownFileType = sourcecode.swift; path = GoalCell.swift; sourceTree = "<group>"; };
		7782FE60227836A900254C38 /* GoalType.swift */ = {isa = PBXFileReference; lastKnownFileType = sourcecode.swift; path = GoalType.swift; sourceTree = "<group>"; };
		7782FE6222783C9D00254C38 /* CreateGoalVC.swift */ = {isa = PBXFileReference; lastKnownFileType = sourcecode.swift; path = CreateGoalVC.swift; sourceTree = "<group>"; };
/* End PBXFileReference section */

/* Begin PBXFrameworksBuildPhase section */
		7782FE3F22781CFC00254C38 /* Frameworks */ = {
			isa = PBXFrameworksBuildPhase;
			buildActionMask = 2147483647;
			files = (
			);
			runOnlyForDeploymentPostprocessing = 0;
		};
/* End PBXFrameworksBuildPhase section */

/* Begin PBXGroup section */
		7782FE3922781CFC00254C38 = {
			isa = PBXGroup;
			children = (
				7782FE4422781CFC00254C38 /* GoalPost-app */,
				7782FE4322781CFC00254C38 /* Products */,
			);
			sourceTree = "<group>";
		};
		7782FE4322781CFC00254C38 /* Products */ = {
			isa = PBXGroup;
			children = (
				7782FE4222781CFC00254C38 /* GoalPost-app.app */,
			);
			name = Products;
			sourceTree = "<group>";
		};
		7782FE4422781CFC00254C38 /* GoalPost-app */ = {
			isa = PBXGroup;
			children = (
				7782FE5D22781D4E00254C38 /* Extension */,
				7782FE5C22781D2D00254C38 /* Enums */,
				7782FE5B22781D2200254C38 /* View */,
				7782FE5A22781D1400254C38 /* Controller */,
				7782FE4522781CFC00254C38 /* AppDelegate.swift */,
				7782FE4922781CFC00254C38 /* Main.storyboard */,
				7782FE4F22781CFD00254C38 /* Assets.xcassets */,
				7782FE5122781CFD00254C38 /* LaunchScreen.storyboard */,
				7782FE5422781CFD00254C38 /* Info.plist */,
				7782FE4C22781CFC00254C38 /* GoalPost_app.xcdatamodeld */,
			);
			path = "GoalPost-app";
			sourceTree = "<group>";
		};
		7782FE5A22781D1400254C38 /* Controller */ = {
			isa = PBXGroup;
			children = (
				7782FE4722781CFC00254C38 /* GoalsVC.swift */,
				7782FE6222783C9D00254C38 /* CreateGoalVC.swift */,
				7712AB15227899A1006738F7 /* FinishGoalVC.swift */,
			);
			path = Controller;
			sourceTree = "<group>";
		};
		7782FE5B22781D2200254C38 /* View */ = {
			isa = PBXGroup;
			children = (
				7782FE5E2278284000254C38 /* GoalCell.swift */,
			);
			path = View;
			sourceTree = "<group>";
		};
		7782FE5C22781D2D00254C38 /* Enums */ = {
			isa = PBXGroup;
			children = (
				7782FE60227836A900254C38 /* GoalType.swift */,
			);
			path = Enums;
			sourceTree = "<group>";
		};
		7782FE5D22781D4E00254C38 /* Extension */ = {
			isa = PBXGroup;
			children = (
				7712AB0F2278487A006738F7 /* UIViewControllerExt.swift */,
				7712AB1122788F60006738F7 /* UIViewExt.swift */,
				7712AB1322789380006738F7 /* UIButtonExt.swift */,
			);
			path = Extension;
			sourceTree = "<group>";
		};
/* End PBXGroup section */

/* Begin PBXNativeTarget section */
		7782FE4122781CFC00254C38 /* GoalPost-app */ = {
			isa = PBXNativeTarget;
			buildConfigurationList = 7782FE5722781CFD00254C38 /* Build configuration list for PBXNativeTarget "GoalPost-app" */;
			buildPhases = (
				7782FE3E22781CFC00254C38 /* Sources */,
				7782FE3F22781CFC00254C38 /* Frameworks */,
				7782FE4022781CFC00254C38 /* Resources */,
			);
			buildRules = (
			);
			dependencies = (
			);
			name = "GoalPost-app";
			productName = "GoalPost-app";
			productReference = 7782FE4222781CFC00254C38 /* GoalPost-app.app */;
			productType = "com.apple.product-type.application";
		};
/* End PBXNativeTarget section */

/* Begin PBXProject section */
		7782FE3A22781CFC00254C38 /* Project object */ = {
			isa = PBXProject;
			attributes = {
				LastSwiftUpdateCheck = 1010;
				LastUpgradeCheck = 1010;
				ORGANIZATIONNAME = "Ziyad almohisen";
				TargetAttributes = {
					7782FE4122781CFC00254C38 = {
						CreatedOnToolsVersion = 10.1;
					};
				};
			};
			buildConfigurationList = 7782FE3D22781CFC00254C38 /* Build configuration list for PBXProject "GoalPost-app" */;
			compatibilityVersion = "Xcode 9.3";
			developmentRegion = en;
			hasScannedForEncodings = 0;
			knownRegions = (
				en,
				Base,
			);
			mainGroup = 7782FE3922781CFC00254C38;
			productRefGroup = 7782FE4322781CFC00254C38 /* Products */;
			projectDirPath = "";
			projectRoot = "";
			targets = (
				7782FE4122781CFC00254C38 /* GoalPost-app */,
			);
		};
/* End PBXProject section */

/* Begin PBXResourcesBuildPhase section */
		7782FE4022781CFC00254C38 /* Resources */ = {
			isa = PBXResourcesBuildPhase;
			buildActionMask = 2147483647;
			files = (
				7782FE5322781CFD00254C38 /* LaunchScreen.storyboard in Resources */,
				7782FE5022781CFD00254C38 /* Assets.xcassets in Resources */,
				7782FE4B22781CFC00254C38 /* Main.storyboard in Resources */,
			);
			runOnlyForDeploymentPostprocessing = 0;
		};
/* End PBXResourcesBuildPhase section */

/* Begin PBXSourcesBuildPhase section */
		7782FE3E22781CFC00254C38 /* Sources */ = {
			isa = PBXSourcesBuildPhase;
			buildActionMask = 2147483647;
			files = (
				7782FE5F2278284000254C38 /* GoalCell.swift in Sources */,
				7782FE6322783C9D00254C38 /* CreateGoalVC.swift in Sources */,
				7782FE61227836A900254C38 /* GoalType.swift in Sources */,
				7782FE4822781CFC00254C38 /* GoalsVC.swift in Sources */,
				7712AB1222788F60006738F7 /* UIViewExt.swift in Sources */,
				7782FE4622781CFC00254C38 /* AppDelegate.swift in Sources */,
				7712AB102278487A006738F7 /* UIViewControllerExt.swift in Sources */,
				7712AB1422789380006738F7 /* UIButtonExt.swift in Sources */,
				7712AB16227899A2006738F7 /* FinishGoalVC.swift in Sources */,
				7782FE4E22781CFC00254C38 /* GoalPost_app.xcdatamodeld in Sources */,
			);
			runOnlyForDeploymentPostprocessing = 0;
		};
/* End PBXSourcesBuildPhase section */

/* Begin PBXVariantGroup section */
		7782FE4922781CFC00254C38 /* Main.storyboard */ = {
			isa = PBXVariantGroup;
			children = (
				7782FE4A22781CFC00254C38 /* Base */,
			);
			name = Main.storyboard;
			sourceTree = "<group>";
		};
		7782FE5122781CFD00254C38 /* LaunchScreen.storyboard */ = {
			isa = PBXVariantGroup;
			children = (
				7782FE5222781CFD00254C38 /* Base */,
			);
			name = LaunchScreen.storyboard;
			sourceTree = "<group>";
		};
/* End PBXVariantGroup section */

/* Begin XCBuildConfiguration section */
		7782FE5522781CFD00254C38 /* Debug */ = {
			isa = XCBuildConfiguration;
			buildSettings = {
				ALWAYS_SEARCH_USER_PATHS = NO;
				CLANG_ANALYZER_NONNULL = YES;
				CLANG_ANALYZER_NUMBER_OBJECT_CONVERSION = YES_AGGRESSIVE;
				CLANG_CXX_LANGUAGE_STANDARD = "gnu++14";
				CLANG_CXX_LIBRARY = "libc++";
				CLANG_ENABLE_MODULES = YES;
				CLANG_ENABLE_OBJC_ARC = YES;
				CLANG_ENABLE_OBJC_WEAK = YES;
				CLANG_WARN_BLOCK_CAPTURE_AUTORELEASING = YES;
				CLANG_WARN_BOOL_CONVERSION = YES;
				CLANG_WARN_COMMA = YES;
				CLANG_WARN_CONSTANT_CONVERSION = YES;
				CLANG_WARN_DEPRECATED_OBJC_IMPLEMENTATIONS = YES;
				CLANG_WARN_DIRECT_OBJC_ISA_USAGE = YES_ERROR;
				CLANG_WARN_DOCUMENTATION_COMMENTS = YES;
				CLANG_WARN_EMPTY_BODY = YES;
				CLANG_WARN_ENUM_CONVERSION = YES;
				CLANG_WARN_INFINITE_RECURSION = YES;
				CLANG_WARN_INT_CONVERSION = YES;
				CLANG_WARN_NON_LITERAL_NULL_CONVERSION = YES;
				CLANG_WARN_OBJC_IMPLICIT_RETAIN_SELF = YES;
				CLANG_WARN_OBJC_LITERAL_CONVERSION = YES;
				CLANG_WARN_OBJC_ROOT_CLASS = YES_ERROR;
				CLANG_WARN_RANGE_LOOP_ANALYSIS = YES;
				CLANG_WARN_STRICT_PROTOTYPES = YES;
				CLANG_WARN_SUSPICIOUS_MOVE = YES;
				CLANG_WARN_UNGUARDED_AVAILABILITY = YES_AGGRESSIVE;
				CLANG_WARN_UNREACHABLE_CODE = YES;
				CLANG_WARN__DUPLICATE_METHOD_MATCH = YES;
				CODE_SIGN_IDENTITY = "iPhone Developer";
				COPY_PHASE_STRIP = NO;
				DEBUG_INFORMATION_FORMAT = dwarf;
				ENABLE_STRICT_OBJC_MSGSEND = YES;
				ENABLE_TESTABILITY = YES;
				GCC_C_LANGUAGE_STANDARD = gnu11;
				GCC_DYNAMIC_NO_PIC = NO;
				GCC_NO_COMMON_BLOCKS = YES;
				GCC_OPTIMIZATION_LEVEL = 0;
				GCC_PREPROCESSOR_DEFINITIONS = (
					"DEBUG=1",
					"$(inherited)",
				);
				GCC_WARN_64_TO_32_BIT_CONVERSION = YES;
				GCC_WARN_ABOUT_RETURN_TYPE = YES_ERROR;
				GCC_WARN_UNDECLARED_SELECTOR = YES;
				GCC_WARN_UNINITIALIZED_AUTOS = YES_AGGRESSIVE;
				GCC_WARN_UNUSED_FUNCTION = YES;
				GCC_WARN_UNUSED_VARIABLE = YES;
				IPHONEOS_DEPLOYMENT_TARGET = 12.1;
				MTL_ENABLE_DEBUG_INFO = INCLUDE_SOURCE;
				MTL_FAST_MATH = YES;
				ONLY_ACTIVE_ARCH = YES;
				SDKROOT = iphoneos;
				SWIFT_ACTIVE_COMPILATION_CONDITIONS = DEBUG;
				SWIFT_OPTIMIZATION_LEVEL = "-Onone";
			};
			name = Debug;
		};
		7782FE5622781CFD00254C38 /* Release */ = {
			isa = XCBuildConfiguration;
			buildSettings = {
				ALWAYS_SEARCH_USER_PATHS = NO;
				CLANG_ANALYZER_NONNULL = YES;
				CLANG_ANALYZER_NUMBER_OBJECT_CONVERSION = YES_AGGRESSIVE;
				CLANG_CXX_LANGUAGE_STANDARD = "gnu++14";
				CLANG_CXX_LIBRARY = "libc++";
				CLANG_ENABLE_MODULES = YES;
				CLANG_ENABLE_OBJC_ARC = YES;
				CLANG_ENABLE_OBJC_WEAK = YES;
				CLANG_WARN_BLOCK_CAPTURE_AUTORELEASING = YES;
				CLANG_WARN_BOOL_CONVERSION = YES;
				CLANG_WARN_COMMA = YES;
				CLANG_WARN_CONSTANT_CONVERSION = YES;
				CLANG_WARN_DEPRECATED_OBJC_IMPLEMENTATIONS = YES;
				CLANG_WARN_DIRECT_OBJC_ISA_USAGE = YES_ERROR;
				CLANG_WARN_DOCUMENTATION_COMMENTS = YES;
				CLANG_WARN_EMPTY_BODY = YES;
				CLANG_WARN_ENUM_CONVERSION = YES;
				CLANG_WARN_INFINITE_RECURSION = YES;
				CLANG_WARN_INT_CONVERSION = YES;
				CLANG_WARN_NON_LITERAL_NULL_CONVERSION = YES;
				CLANG_WARN_OBJC_IMPLICIT_RETAIN_SELF = YES;
				CLANG_WARN_OBJC_LITERAL_CONVERSION = YES;
				CLANG_WARN_OBJC_ROOT_CLASS = YES_ERROR;
				CLANG_WARN_RANGE_LOOP_ANALYSIS = YES;
				CLANG_WARN_STRICT_PROTOTYPES = YES;
				CLANG_WARN_SUSPICIOUS_MOVE = YES;
				CLANG_WARN_UNGUARDED_AVAILABILITY = YES_AGGRESSIVE;
				CLANG_WARN_UNREACHABLE_CODE = YES;
				CLANG_WARN__DUPLICATE_METHOD_MATCH = YES;
				CODE_SIGN_IDENTITY = "iPhone Developer";
				COPY_PHASE_STRIP = NO;
				DEBUG_INFORMATION_FORMAT = "dwarf-with-dsym";
				ENABLE_NS_ASSERTIONS = NO;
				ENABLE_STRICT_OBJC_MSGSEND = YES;
				GCC_C_LANGUAGE_STANDARD = gnu11;
				GCC_NO_COMMON_BLOCKS = YES;
				GCC_WARN_64_TO_32_BIT_CONVERSION = YES;
				GCC_WARN_ABOUT_RETURN_TYPE = YES_ERROR;
				GCC_WARN_UNDECLARED_SELECTOR = YES;
				GCC_WARN_UNINITIALIZED_AUTOS = YES_AGGRESSIVE;
				GCC_WARN_UNUSED_FUNCTION = YES;
				GCC_WARN_UNUSED_VARIABLE = YES;
				IPHONEOS_DEPLOYMENT_TARGET = 12.1;
				MTL_ENABLE_DEBUG_INFO = NO;
				MTL_FAST_MATH = YES;
				SDKROOT = iphoneos;
				SWIFT_COMPILATION_MODE = wholemodule;
				SWIFT_OPTIMIZATION_LEVEL = "-O";
				VALIDATE_PRODUCT = YES;
			};
			name = Release;
		};
		7782FE5822781CFD00254C38 /* Debug */ = {
			isa = XCBuildConfiguration;
			buildSettings = {
				ASSETCATALOG_COMPILER_APPICON_NAME = AppIcon;
				CODE_SIGN_STYLE = Automatic;
				DEVELOPMENT_TEAM = 4Q488F65VP;
				INFOPLIST_FILE = "GoalPost-app/Info.plist";
				LD_RUNPATH_SEARCH_PATHS = (
					"$(inherited)",
					"@executable_path/Frameworks",
				);
				PRODUCT_BUNDLE_IDENTIFIER = "com.example.GoalPost-app";
				PRODUCT_NAME = "$(TARGET_NAME)";
				SWIFT_VERSION = 4.2;
				TARGETED_DEVICE_FAMILY = "1,2";
			};
			name = Debug;
		};
		7782FE5922781CFD00254C38 /* Release */ = {
			isa = XCBuildConfiguration;
			buildSettings = {
				ASSETCATALOG_COMPILER_APPICON_NAME = AppIcon;
				CODE_SIGN_STYLE = Automatic;
				DEVELOPMENT_TEAM = 4Q488F65VP;
				INFOPLIST_FILE = "GoalPost-app/Info.plist";
				LD_RUNPATH_SEARCH_PATHS = (
					"$(inherited)",
					"@executable_path/Frameworks",
				);
				PRODUCT_BUNDLE_IDENTIFIER = "com.example.GoalPost-app";
				PRODUCT_NAME = "$(TARGET_NAME)";
				SWIFT_VERSION = 4.2;
				TARGETED_DEVICE_FAMILY = "1,2";
			};
			name = Release;
		};
/* End XCBuildConfiguration section */

/* Begin XCConfigurationList section */
		7782FE3D22781CFC00254C38 /* Build configuration list for PBXProject "GoalPost-app" */ = {
			isa = XCConfigurationList;
			buildConfigurations = (
				7782FE5522781CFD00254C38 /* Debug */,
				7782FE5622781CFD00254C38 /* Release */,
			);
			defaultConfigurationIsVisible = 0;
			defaultConfigurationName = Release;
		};
		7782FE5722781CFD00254C38 /* Build configuration list for PBXNativeTarget "GoalPost-app" */ = {
			isa = XCConfigurationList;
			buildConfigurations = (
				7782FE5822781CFD00254C38 /* Debug */,
				7782FE5922781CFD00254C38 /* Release */,
			);
			defaultConfigurationIsVisible = 0;
			defaultConfigurationName = Release;
		};
/* End XCConfigurationList section */

/* Begin XCVersionGroup section */
		7782FE4C22781CFC00254C38 /* GoalPost_app.xcdatamodeld */ = {
			isa = XCVersionGroup;
			children = (
				7782FE4D22781CFC00254C38 /* GoalPost_app.xcdatamodel */,
			);
			currentVersion = 7782FE4D22781CFC00254C38 /* GoalPost_app.xcdatamodel */;
			path = GoalPost_app.xcdatamodeld;
			sourceTree = "<group>";
			versionGroupType = wrapper.xcdatamodel;
		};
/* End XCVersionGroup section */
	};
	rootObject = 7782FE3A22781CFC00254C38 /* Project object */;
}
